
Microsoft Visual Studio Solution File, Format Version 12.00
# Visual Studio Version 17
VisualStudioVersion = 17.14.36401.2 d17.14
MinimumVisualStudioVersion = 10.0.40219.1
Project("{FAE04EC0-301F-11D3-BF4B-00C04F79EFBC}") = "PROEL_PROJ", "PROEL_PROJ\PROEL_PROJ.csproj", "{C5A14DD0-AD1A-438F-A62F-A37890054722}"
EndProject
Global
	GlobalSection(SolutionConfigurationPlatforms) = preSolution
		Debug|Any CPU = Debug|Any CPU
		Release|Any CPU = Release|Any CPU
	EndGlobalSection
	GlobalSection(ProjectConfigurationPlatforms) = postSolution
		{C5A14DD0-AD1A-438F-A62F-A37890054722}.Debug|Any CPU.ActiveCfg = Debug|Any CPU
		{C5A14DD0-AD1A-438F-A62F-A37890054722}.Debug|Any CPU.Build.0 = Debug|Any CPU
		{C5A14DD0-AD1A-438F-A62F-A37890054722}.Release|Any CPU.ActiveCfg = Release|Any CPU
		{C5A14DD0-AD1A-438F-A62F-A37890054722}.Release|Any CPU.Build.0 = Release|Any CPU
	EndGlobalSection
	GlobalSection(SolutionProperties) = preSolution
		HideSolutionNode = FALSE
	EndGlobalSection
	GlobalSection(ExtensibilityGlobals) = postSolution
		SolutionGuid = {5778B6D8-0E96-4421-BFE7-CDC78654596A}
	EndGlobalSection
EndGlobal
